
Microsoft Visual Studio Solution File, Format Version 11.00
# Visual Studio 2010
Project("{FAE04EC0-301F-11D3-BF4B-00C04F79EFBC}") = "WinCQM", "WinCQM\WinCQM.csproj", "{068B43F0-B75B-431F-8827-292ADD69DBCC}"
EndProject
Project("{FAE04EC0-301F-11D3-BF4B-00C04F79EFBC}") = "Model", "Model\Model.csproj", "{B93E35A8-F27A-49F8-9F1C-89DD124602C9}"
EndProject
Project("{FAE04EC0-301F-11D3-BF4B-00C04F79EFBC}") = "BLL", "BLL\BLL.csproj", "{4FB217AF-D1A7-4CC5-BEE8-F756687CDBA9}"
EndProject
Global
	GlobalSection(SolutionConfigurationPlatforms) = preSolution
		Debug|Any CPU = Debug|Any CPU
		Debug|Mixed Platforms = Debug|Mixed Platforms
		Debug|x86 = Debug|x86
		Release|Any CPU = Release|Any CPU
		Release|Mixed Platforms = Release|Mixed Platforms
		Release|x86 = Release|x86
	EndGlobalSection
	GlobalSection(ProjectConfigurationPlatforms) = postSolution
		{068B43F0-B75B-431F-8827-292ADD69DBCC}.Debug|Any CPU.ActiveCfg = Debug|x86
		{068B43F0-B75B-431F-8827-292ADD69DBCC}.Debug|Mixed Platforms.ActiveCfg = Debug|x86
		{068B43F0-B75B-431F-8827-292ADD69DBCC}.Debug|Mixed Platforms.Build.0 = Debug|x86
		{068B43F0-B75B-431F-8827-292ADD69DBCC}.Debug|x86.ActiveCfg = Debug|x86
		{068B43F0-B75B-431F-8827-292ADD69DBCC}.Debug|x86.Build.0 = Debug|x86
		{068B43F0-B75B-431F-8827-292ADD69DBCC}.Release|Any CPU.ActiveCfg = Release|x86
		{068B43F0-B75B-431F-8827-292ADD69DBCC}.Release|Mixed Platforms.ActiveCfg = Release|x86
		{068B43F0-B75B-431F-8827-292ADD69DBCC}.Release|Mixed Platforms.Build.0 = Release|x86
		{068B43F0-B75B-431F-8827-292ADD69DBCC}.Release|x86.ActiveCfg = Release|x86
		{068B43F0-B75B-431F-8827-292ADD69DBCC}.Release|x86.Build.0 = Release|x86
		{B93E35A8-F27A-49F8-9F1C-89DD124602C9}.Debug|Any CPU.ActiveCfg = Debug|Any CPU
		{B93E35A8-F27A-49F8-9F1C-89DD124602C9}.Debug|Any CPU.Build.0 = Debug|Any CPU
		{B93E35A8-F27A-49F8-9F1C-89DD124602C9}.Debug|Mixed Platforms.ActiveCfg = Debug|Any CPU
		{B93E35A8-F27A-49F8-9F1C-89DD124602C9}.Debug|Mixed Platforms.Build.0 = Debug|Any CPU
		{B93E35A8-F27A-49F8-9F1C-89DD124602C9}.Debug|x86.ActiveCfg = Debug|Any CPU
		{B93E35A8-F27A-49F8-9F1C-89DD124602C9}.Release|Any CPU.ActiveCfg = Release|Any CPU
		{B93E35A8-F27A-49F8-9F1C-89DD124602C9}.Release|Any CPU.Build.0 = Release|Any CPU
		{B93E35A8-F27A-49F8-9F1C-89DD124602C9}.Release|Mixed Platforms.ActiveCfg = Release|Any CPU
		{B93E35A8-F27A-49F8-9F1C-89DD124602C9}.Release|Mixed Platforms.Build.0 = Release|Any CPU
		{B93E35A8-F27A-49F8-9F1C-89DD124602C9}.Release|x86.ActiveCfg = Release|Any CPU
		{4FB217AF-D1A7-4CC5-BEE8-F756687CDBA9}.Debug|Any CPU.ActiveCfg = Debug|Any CPU
		{4FB217AF-D1A7-4CC5-BEE8-F756687CDBA9}.Debug|Any CPU.Build.0 = Debug|Any CPU
		{4FB217AF-D1A7-4CC5-BEE8-F756687CDBA9}.Debug|Mixed Platforms.ActiveCfg = Debug|Any CPU
		{4FB217AF-D1A7-4CC5-BEE8-F756687CDBA9}.Debug|Mixed Platforms.Build.0 = Debug|Any CPU
		{4FB217AF-D1A7-4CC5-BEE8-F756687CDBA9}.Debug|x86.ActiveCfg = Debug|Any CPU
		{4FB217AF-D1A7-4CC5-BEE8-F756687CDBA9}.Release|Any CPU.ActiveCfg = Release|Any CPU
		{4FB217AF-D1A7-4CC5-BEE8-F756687CDBA9}.Release|Any CPU.Build.0 = Release|Any CPU
		{4FB217AF-D1A7-4CC5-BEE8-F756687CDBA9}.Release|Mixed Platforms.ActiveCfg = Release|Any CPU
		{4FB217AF-D1A7-4CC5-BEE8-F756687CDBA9}.Release|Mixed Platforms.Build.0 = Release|Any CPU
		{4FB217AF-D1A7-4CC5-BEE8-F756687CDBA9}.Release|x86.ActiveCfg = Release|Any CPU
	EndGlobalSection
	GlobalSection(SolutionProperties) = preSolution
		HideSolutionNode = FALSE
	EndGlobalSection
EndGlobal
